
Microsoft Visual Studio Solution File, Format Version 12.00
# Visual Studio 15
VisualStudioVersion = 15.0.28010.2046
MinimumVisualStudioVersion = 10.0.40219.1
Project("{8BC9CEB8-8B4A-11D0-8D11-00A0C91BC942}") = "Practice0", "Practice0\Practice0.vcxproj", "{6FC5326B-C557-48D7-964A-16EF4BF047B6}"
EndProject
Project("{8BC9CEB8-8B4A-11D0-8D11-00A0C91BC942}") = "Practice1", "Practice1\Practice1.vcxproj", "{C99E6A8A-E77D-4BB0-8D6A-F730F6591CAF}"
EndProject
Project("{8BC9CEB8-8B4A-11D0-8D11-00A0C91BC942}") = "Practice2", "Practice2\Practice2.vcxproj", "{DE77EC56-F59F-44D0-925C-5CDF05D5C8BA}"
EndProject
Project("{8BC9CEB8-8B4A-11D0-8D11-00A0C91BC942}") = "Practice3", "Practice3\Practice3.vcxproj", "{C420DAA3-24B9-4FBF-88B9-25BC279F5B3A}"
EndProject
Project("{8BC9CEB8-8B4A-11D0-8D11-00A0C91BC942}") = "Practice4", "Practice4\Practice4.vcxproj", "{30E3E685-251A-464E-A71F-47056D520DEE}"
EndProject
Project("{8BC9CEB8-8B4A-11D0-8D11-00A0C91BC942}") = "Practice5", "Practice5\Practice5.vcxproj", "{ED9437C3-9179-4A15-B99C-1BC76F5BB767}"
EndProject
Project("{8BC9CEB8-8B4A-11D0-8D11-00A0C91BC942}") = "Practice6", "Practice6\Practice6.vcxproj", "{35C1B22D-5D1F-496F-B0CD-4BAB5D0A0349}"
EndProject
Project("{8BC9CEB8-8B4A-11D0-8D11-00A0C91BC942}") = "Practice7", "Practice7\Practice7.vcxproj", "{761C90E3-A465-4A3B-8E94-D1C92011797D}"
EndProject
Project("{8BC9CEB8-8B4A-11D0-8D11-00A0C91BC942}") = "Practice8", "Practice8\Practice8.vcxproj", "{EF62B8F7-DC6C-4B98-8996-AB23D316CA47}"
EndProject
Global
	GlobalSection(SolutionConfigurationPlatforms) = preSolution
		Debug|x64 = Debug|x64
		Debug|x86 = Debug|x86
		Release|x64 = Release|x64
		Release|x86 = Release|x86
	EndGlobalSection
	GlobalSection(ProjectConfigurationPlatforms) = postSolution
		{6FC5326B-C557-48D7-964A-16EF4BF047B6}.Debug|x64.ActiveCfg = Debug|x64
		{6FC5326B-C557-48D7-964A-16EF4BF047B6}.Debug|x64.Build.0 = Debug|x64
		{6FC5326B-C557-48D7-964A-16EF4BF047B6}.Debug|x86.ActiveCfg = Debug|Win32
		{6FC5326B-C557-48D7-964A-16EF4BF047B6}.Debug|x86.Build.0 = Debug|Win32
		{6FC5326B-C557-48D7-964A-16EF4BF047B6}.Release|x64.ActiveCfg = Release|x64
		{6FC5326B-C557-48D7-964A-16EF4BF047B6}.Release|x64.Build.0 = Release|x64
		{6FC5326B-C557-48D7-964A-16EF4BF047B6}.Release|x86.ActiveCfg = Release|Win32
		{6FC5326B-C557-48D7-964A-16EF4BF047B6}.Release|x86.Build.0 = Release|Win32
		{C99E6A8A-E77D-4BB0-8D6A-F730F6591CAF}.Debug|x64.ActiveCfg = Debug|x64
		{C99E6A8A-E77D-4BB0-8D6A-F730F6591CAF}.Debug|x64.Build.0 = Debug|x64
		{C99E6A8A-E77D-4BB0-8D6A-F730F6591CAF}.Debug|x86.ActiveCfg = Debug|Win32
		{C99E6A8A-E77D-4BB0-8D6A-F730F6591CAF}.Debug|x86.Build.0 = Debug|Win32
		{C99E6A8A-E77D-4BB0-8D6A-F730F6591CAF}.Release|x64.ActiveCfg = Release|x64
		{C99E6A8A-E77D-4BB0-8D6A-F730F6591CAF}.Release|x64.Build.0 = Release|x64
		{C99E6A8A-E77D-4BB0-8D6A-F730F6591CAF}.Release|x86.ActiveCfg = Release|Win32
		{C99E6A8A-E77D-4BB0-8D6A-F730F6591CAF}.Release|x86.Build.0 = Release|Win32
		{DE77EC56-F59F-44D0-925C-5CDF05D5C8BA}.Debug|x64.ActiveCfg = Debug|x64
		{DE77EC56-F59F-44D0-925C-5CDF05D5C8BA}.Debug|x64.Build.0 = Debug|x64
		{DE77EC56-F59F-44D0-925C-5CDF05D5C8BA}.Debug|x86.ActiveCfg = Debug|Win32
		{DE77EC56-F59F-44D0-925C-5CDF05D5C8BA}.Debug|x86.Build.0 = Debug|Win32
		{DE77EC56-F59F-44D0-925C-5CDF05D5C8BA}.Release|x64.ActiveCfg = Release|x64
		{DE77EC56-F59F-44D0-925C-5CDF05D5C8BA}.Release|x64.Build.0 = Release|x64
		{DE77EC56-F59F-44D0-925C-5CDF05D5C8BA}.Release|x86.ActiveCfg = Release|Win32
		{DE77EC56-F59F-44D0-925C-5CDF05D5C8BA}.Release|x86.Build.0 = Release|Win32
		{C420DAA3-24B9-4FBF-88B9-25BC279F5B3A}.Debug|x64.ActiveCfg = Debug|x64
		{C420DAA3-24B9-4FBF-88B9-25BC279F5B3A}.Debug|x64.Build.0 = Debug|x64
		{C420DAA3-24B9-4FBF-88B9-25BC279F5B3A}.Debug|x86.ActiveCfg = Debug|Win32
		{C420DAA3-24B9-4FBF-88B9-25BC279F5B3A}.Debug|x86.Build.0 = Debug|Win32
		{C420DAA3-24B9-4FBF-88B9-25BC279F5B3A}.Release|x64.ActiveCfg = Release|x64
		{C420DAA3-24B9-4FBF-88B9-25BC279F5B3A}.Release|x64.Build.0 = Release|x64
		{C420DAA3-24B9-4FBF-88B9-25BC279F5B3A}.Release|x86.ActiveCfg = Release|Win32
		{C420DAA3-24B9-4FBF-88B9-25BC279F5B3A}.Release|x86.Build.0 = Release|Win32
		{30E3E685-251A-464E-A71F-47056D520DEE}.Debug|x64.ActiveCfg = Debug|x64
		{30E3E685-251A-464E-A71F-47056D520DEE}.Debug|x64.Build.0 = Debug|x64
		{30E3E685-251A-464E-A71F-47056D520DEE}.Debug|x86.ActiveCfg = Debug|Win32
		{30E3E685-251A-464E-A71F-47056D520DEE}.Debug|x86.Build.0 = Debug|Win32
		{30E3E685-251A-464E-A71F-47056D520DEE}.Release|x64.ActiveCfg = Release|x64
		{30E3E685-251A-464E-A71F-47056D520DEE}.Release|x64.Build.0 = Release|x64
		{30E3E685-251A-464E-A71F-47056D520DEE}.Release|x86.ActiveCfg = Release|Win32
		{30E3E685-251A-464E-A71F-47056D520DEE}.Release|x86.Build.0 = Release|Win32
		{ED9437C3-9179-4A15-B99C-1BC76F5BB767}.Debug|x64.ActiveCfg = Debug|x64
		{ED9437C3-9179-4A15-B99C-1BC76F5BB767}.Debug|x64.Build.0 = Debug|x64
		{ED9437C3-9179-4A15-B99C-1BC76F5BB767}.Debug|x86.ActiveCfg = Debug|Win32
		{ED9437C3-9179-4A15-B99C-1BC76F5BB767}.Debug|x86.Build.0 = Debug|Win32
		{ED9437C3-9179-4A15-B99C-1BC76F5BB767}.Release|x64.ActiveCfg = Release|x64
		{ED9437C3-9179-4A15-B99C-1BC76F5BB767}.Release|x64.Build.0 = Release|x64
		{ED9437C3-9179-4A15-B99C-1BC76F5BB767}.Release|x86.ActiveCfg = Release|Win32
		{ED9437C3-9179-4A15-B99C-1BC76F5BB767}.Release|x86.Build.0 = Release|Win32
		{35C1B22D-5D1F-496F-B0CD-4BAB5D0A0349}.Debug|x64.ActiveCfg = Debug|x64
		{35C1B22D-5D1F-496F-B0CD-4BAB5D0A0349}.Debug|x64.Build.0 = Debug|x64
		{35C1B22D-5D1F-496F-B0CD-4BAB5D0A0349}.Debug|x86.ActiveCfg = Debug|Win32
		{35C1B22D-5D1F-496F-B0CD-4BAB5D0A0349}.Debug|x86.Build.0 = Debug|Win32
		{35C1B22D-5D1F-496F-B0CD-4BAB5D0A0349}.Release|x64.ActiveCfg = Release|x64
		{35C1B22D-5D1F-496F-B0CD-4BAB5D0A0349}.Release|x64.Build.0 = Release|x64
		{35C1B22D-5D1F-496F-B0CD-4BAB5D0A0349}.Release|x86.ActiveCfg = Release|Win32
		{35C1B22D-5D1F-496F-B0CD-4BAB5D0A0349}.Release|x86.Build.0 = Release|Win32
		{761C90E3-A465-4A3B-8E94-D1C92011797D}.Debug|x64.ActiveCfg = Debug|x64
		{761C90E3-A465-4A3B-8E94-D1C92011797D}.Debug|x64.Build.0 = Debug|x64
		{761C90E3-A465-4A3B-8E94-D1C92011797D}.Debug|x86.ActiveCfg = Debug|Win32
		{761C90E3-A465-4A3B-8E94-D1C92011797D}.Debug|x86.Build.0 = Debug|Win32
		{761C90E3-A465-4A3B-8E94-D1C92011797D}.Release|x64.ActiveCfg = Release|x64
		{761C90E3-A465-4A3B-8E94-D1C92011797D}.Release|x64.Build.0 = Release|x64
		{761C90E3-A465-4A3B-8E94-D1C92011797D}.Release|x86.ActiveCfg = Release|Win32
		{761C90E3-A465-4A3B-8E94-D1C92011797D}.Release|x86.Build.0 = Release|Win32
		{EF62B8F7-DC6C-4B98-8996-AB23D316CA47}.Debug|x64.ActiveCfg = Debug|x64
		{EF62B8F7-DC6C-4B98-8996-AB23D316CA47}.Debug|x64.Build.0 = Debug|x64
		{EF62B8F7-DC6C-4B98-8996-AB23D316CA47}.Debug|x86.ActiveCfg = Debug|Win32
		{EF62B8F7-DC6C-4B98-8996-AB23D316CA47}.Debug|x86.Build.0 = Debug|Win32
		{EF62B8F7-DC6C-4B98-8996-AB23D316CA47}.Release|x64.ActiveCfg = Release|x64
		{EF62B8F7-DC6C-4B98-8996-AB23D316CA47}.Release|x64.Build.0 = Release|x64
		{EF62B8F7-DC6C-4B98-8996-AB23D316CA47}.Release|x86.ActiveCfg = Release|Win32
		{EF62B8F7-DC6C-4B98-8996-AB23D316CA47}.Release|x86.Build.0 = Release|Win32
	EndGlobalSection
	GlobalSection(SolutionProperties) = preSolution
		HideSolutionNode = FALSE
	EndGlobalSection
	GlobalSection(ExtensibilityGlobals) = postSolution
		SolutionGuid = {52E15A1F-C56D-46B2-B12D-AB8C3612F889}
	EndGlobalSection
EndGlobal
